{
    "name": "met-hash-helper",
    "version": "0.1.0",
    "lockfileVersion": 2,
    "requires": true,
    "packages": {
        "": {
            "name": "met-hash-helper",
            "version": "0.1.0",
            "dependencies": {
                "hashids": "^2.2.10"
            }
        },
        "node_modules/hashids": {
            "version": "2.2.10",
            "resolved": "https://pkgs.dev.azure.com/MilwaukeeToolAppDev/_packaging/IT/npm/registry/hashids/-/hashids-2.2.10.tgz",
            "integrity": "sha1-gvRVOM8DznPjG3jRq+eNKHz3YMQ=",
            "license": "MIT"
        }
    },
    "dependencies": {
        "hashids": {
            "version": "2.2.10",
            "resolved": "https://pkgs.dev.azure.com/MilwaukeeToolAppDev/_packaging/IT/npm/registry/hashids/-/hashids-2.2.10.tgz",
            "integrity": "sha1-gvRVOM8DznPjG3jRq+eNKHz3YMQ="
        }
    }
}
